
Microsoft Visual Studio Solution File, Format Version 12.00
# Visual Studio Version 17
VisualStudioVersion = 17.13.35931.197 d17.13
MinimumVisualStudioVersion = 10.0.40219.1
Project("{FAE04EC0-301F-11D3-BF4B-00C04F79EFBC}") = "IFQ584 - Assignment 3", "IFQ584 - Assignment 3\IFQ584 - Assignment 3.csproj", "{0587581B-66D0-4EAA-A89A-483AC1F1873C}"
EndProject
Global
	GlobalSection(SolutionConfigurationPlatforms) = preSolution
		Debug|Any CPU = Debug|Any CPU
		Release|Any CPU = Release|Any CPU
	EndGlobalSection
	GlobalSection(ProjectConfigurationPlatforms) = postSolution
		{0587581B-66D0-4EAA-A89A-483AC1F1873C}.Debug|Any CPU.ActiveCfg = Debug|Any CPU
		{0587581B-66D0-4EAA-A89A-483AC1F1873C}.Debug|Any CPU.Build.0 = Debug|Any CPU
		{0587581B-66D0-4EAA-A89A-483AC1F1873C}.Release|Any CPU.ActiveCfg = Release|Any CPU
		{0587581B-66D0-4EAA-A89A-483AC1F1873C}.Release|Any CPU.Build.0 = Release|Any CPU
	EndGlobalSection
	GlobalSection(SolutionProperties) = preSolution
		HideSolutionNode = FALSE
	EndGlobalSection
	GlobalSection(ExtensibilityGlobals) = postSolution
		SolutionGuid = {59EDC603-C23C-49DD-9ED6-5D3B67E08B90}
	EndGlobalSection
EndGlobal
